
Microsoft Visual Studio Solution File, Format Version 12.00
# Visual Studio Version 17
VisualStudioVersion = 17.10.35201.131
MinimumVisualStudioVersion = 10.0.40219.1
Project("{FAE04EC0-301F-11D3-BF4B-00C04F79EFBC}") = "RequestHeaders", "RequestHeaders\RequestHeaders.csproj", "{106B05D6-5865-4975-AEFE-3BFFFB1E490D}"
EndProject
Global
	GlobalSection(SolutionConfigurationPlatforms) = preSolution
		Debug|Any CPU = Debug|Any CPU
		Release|Any CPU = Release|Any CPU
	EndGlobalSection
	GlobalSection(ProjectConfigurationPlatforms) = postSolution
		{106B05D6-5865-4975-AEFE-3BFFFB1E490D}.Debug|Any CPU.ActiveCfg = Debug|Any CPU
		{106B05D6-5865-4975-AEFE-3BFFFB1E490D}.Debug|Any CPU.Build.0 = Debug|Any CPU
		{106B05D6-5865-4975-AEFE-3BFFFB1E490D}.Release|Any CPU.ActiveCfg = Release|Any CPU
		{106B05D6-5865-4975-AEFE-3BFFFB1E490D}.Release|Any CPU.Build.0 = Release|Any CPU
	EndGlobalSection
	GlobalSection(SolutionProperties) = preSolution
		HideSolutionNode = FALSE
	EndGlobalSection
	GlobalSection(ExtensibilityGlobals) = postSolution
		SolutionGuid = {F08A8BAD-BE29-4AF0-BE66-338330BC5668}
	EndGlobalSection
EndGlobal
