
Microsoft Visual Studio Solution File, Format Version 12.00
# Visual Studio Version 17
VisualStudioVersion = 17.10.35201.131
MinimumVisualStudioVersion = 10.0.40219.1
Project("{FAE04EC0-301F-11D3-BF4B-00C04F79EFBC}") = "Postman", "Postman\Postman.csproj", "{DC61E9CD-75B9-4601-BF15-EF9092FC93C9}"
EndProject
Global
	GlobalSection(SolutionConfigurationPlatforms) = preSolution
		Debug|Any CPU = Debug|Any CPU
		Release|Any CPU = Release|Any CPU
	EndGlobalSection
	GlobalSection(ProjectConfigurationPlatforms) = postSolution
		{DC61E9CD-75B9-4601-BF15-EF9092FC93C9}.Debug|Any CPU.ActiveCfg = Debug|Any CPU
		{DC61E9CD-75B9-4601-BF15-EF9092FC93C9}.Debug|Any CPU.Build.0 = Debug|Any CPU
		{DC61E9CD-75B9-4601-BF15-EF9092FC93C9}.Release|Any CPU.ActiveCfg = Release|Any CPU
		{DC61E9CD-75B9-4601-BF15-EF9092FC93C9}.Release|Any CPU.Build.0 = Release|Any CPU
	EndGlobalSection
	GlobalSection(SolutionProperties) = preSolution
		HideSolutionNode = FALSE
	EndGlobalSection
	GlobalSection(ExtensibilityGlobals) = postSolution
		SolutionGuid = {B6AC2248-C48F-4576-A5A4-498126C5E30F}
	EndGlobalSection
EndGlobal
