
Microsoft Visual Studio Solution File, Format Version 12.00
# Visual Studio Version 17
VisualStudioVersion = 17.10.35201.131
MinimumVisualStudioVersion = 10.0.40219.1
Project("{FAE04EC0-301F-11D3-BF4B-00C04F79EFBC}") = "ModelBindingExample", "ModelBindingExample\ModelBindingExample.csproj", "{07741963-C085-4CD7-B06B-8E57B055EF2D}"
EndProject
Global
	GlobalSection(SolutionConfigurationPlatforms) = preSolution
		Debug|Any CPU = Debug|Any CPU
		Release|Any CPU = Release|Any CPU
	EndGlobalSection
	GlobalSection(ProjectConfigurationPlatforms) = postSolution
		{07741963-C085-4CD7-B06B-8E57B055EF2D}.Debug|Any CPU.ActiveCfg = Debug|Any CPU
		{07741963-C085-4CD7-B06B-8E57B055EF2D}.Debug|Any CPU.Build.0 = Debug|Any CPU
		{07741963-C085-4CD7-B06B-8E57B055EF2D}.Release|Any CPU.ActiveCfg = Release|Any CPU
		{07741963-C085-4CD7-B06B-8E57B055EF2D}.Release|Any CPU.Build.0 = Release|Any CPU
	EndGlobalSection
	GlobalSection(SolutionProperties) = preSolution
		HideSolutionNode = FALSE
	EndGlobalSection
	GlobalSection(ExtensibilityGlobals) = postSolution
		SolutionGuid = {6132E96D-A1D5-48D6-894D-16399E210901}
	EndGlobalSection
EndGlobal
