
Microsoft Visual Studio Solution File, Format Version 12.00
# Visual Studio Version 17
VisualStudioVersion = 17.10.35201.131
MinimumVisualStudioVersion = 10.0.40219.1
Project("{FAE04EC0-301F-11D3-BF4B-00C04F79EFBC}") = "RouteParameters", "RouteParameters\RouteParameters.csproj", "{349CB0AA-E910-4CF1-A211-D842DA33AAAD}"
EndProject
Global
	GlobalSection(SolutionConfigurationPlatforms) = preSolution
		Debug|Any CPU = Debug|Any CPU
		Release|Any CPU = Release|Any CPU
	EndGlobalSection
	GlobalSection(ProjectConfigurationPlatforms) = postSolution
		{349CB0AA-E910-4CF1-A211-D842DA33AAAD}.Debug|Any CPU.ActiveCfg = Debug|Any CPU
		{349CB0AA-E910-4CF1-A211-D842DA33AAAD}.Debug|Any CPU.Build.0 = Debug|Any CPU
		{349CB0AA-E910-4CF1-A211-D842DA33AAAD}.Release|Any CPU.ActiveCfg = Release|Any CPU
		{349CB0AA-E910-4CF1-A211-D842DA33AAAD}.Release|Any CPU.Build.0 = Release|Any CPU
	EndGlobalSection
	GlobalSection(SolutionProperties) = preSolution
		HideSolutionNode = FALSE
	EndGlobalSection
	GlobalSection(ExtensibilityGlobals) = postSolution
		SolutionGuid = {E9E38326-0D76-4DE2-B22A-5153229B618B}
	EndGlobalSection
EndGlobal
