
Microsoft Visual Studio Solution File, Format Version 12.00
# Visual Studio Version 17
VisualStudioVersion = 17.10.35201.131
MinimumVisualStudioVersion = 10.0.40219.1
Project("{FAE04EC0-301F-11D3-BF4B-00C04F79EFBC}") = "CitiesManager.WebApi", "CitiesManager.WebApi\CitiesManager.WebApi.csproj", "{5AD81E84-97A7-464C-A282-E3246A75334C}"
EndProject
Global
	GlobalSection(SolutionConfigurationPlatforms) = preSolution
		Debug|Any CPU = Debug|Any CPU
		Release|Any CPU = Release|Any CPU
	EndGlobalSection
	GlobalSection(ProjectConfigurationPlatforms) = postSolution
		{5AD81E84-97A7-464C-A282-E3246A75334C}.Debug|Any CPU.ActiveCfg = Debug|Any CPU
		{5AD81E84-97A7-464C-A282-E3246A75334C}.Debug|Any CPU.Build.0 = Debug|Any CPU
		{5AD81E84-97A7-464C-A282-E3246A75334C}.Release|Any CPU.ActiveCfg = Release|Any CPU
		{5AD81E84-97A7-464C-A282-E3246A75334C}.Release|Any CPU.Build.0 = Release|Any CPU
	EndGlobalSection
	GlobalSection(SolutionProperties) = preSolution
		HideSolutionNode = FALSE
	EndGlobalSection
	GlobalSection(ExtensibilityGlobals) = postSolution
		SolutionGuid = {7DF5C891-EB3C-4EE0-8EEC-9FE0F675CE00}
	EndGlobalSection
EndGlobal
