
Microsoft Visual Studio Solution File, Format Version 12.00
# Visual Studio Version 17
VisualStudioVersion = 17.10.35201.131
MinimumVisualStudioVersion = 10.0.40219.1
Project("{FAE04EC0-301F-11D3-BF4B-00C04F79EFBC}") = "MiddleWareExample", "MiddleWareExample\MiddleWareExample.csproj", "{DD16DCE4-7E4C-4DE8-8018-058B8BF9C42C}"
EndProject
Global
	GlobalSection(SolutionConfigurationPlatforms) = preSolution
		Debug|Any CPU = Debug|Any CPU
		Release|Any CPU = Release|Any CPU
	EndGlobalSection
	GlobalSection(ProjectConfigurationPlatforms) = postSolution
		{DD16DCE4-7E4C-4DE8-8018-058B8BF9C42C}.Debug|Any CPU.ActiveCfg = Debug|Any CPU
		{DD16DCE4-7E4C-4DE8-8018-058B8BF9C42C}.Debug|Any CPU.Build.0 = Debug|Any CPU
		{DD16DCE4-7E4C-4DE8-8018-058B8BF9C42C}.Release|Any CPU.ActiveCfg = Release|Any CPU
		{DD16DCE4-7E4C-4DE8-8018-058B8BF9C42C}.Release|Any CPU.Build.0 = Release|Any CPU
	EndGlobalSection
	GlobalSection(SolutionProperties) = preSolution
		HideSolutionNode = FALSE
	EndGlobalSection
	GlobalSection(ExtensibilityGlobals) = postSolution
		SolutionGuid = {2E2043EC-2E2F-4065-832C-DD54EE9D2FF0}
	EndGlobalSection
EndGlobal
